// !$*UTF8*$!
{
	archiveVersion = 1;
	classes = {
	};
	objectVersion = 50;
	objects = {

/* Begin PBXBuildFile section */
		8E12AB8D2303B58000322892 /* AppDelegate.m in Sources */ = {isa = PBXBuildFile; fileRef = 8E12AB8C2303B58000322892 /* AppDelegate.m */; };
		8E12AB932303B58000322892 /* Main.storyboard in Resources */ = {isa = PBXBuildFile; fileRef = 8E12AB912303B58000322892 /* Main.storyboard */; };
		8E12AB952303B58100322892 /* Assets.xcassets in Resources */ = {isa = PBXBuildFile; fileRef = 8E12AB942303B58100322892 /* Assets.xcassets */; };
		8E12AB982303B58100322892 /* LaunchScreen.storyboard in Resources */ = {isa = PBXBuildFile; fileRef = 8E12AB962303B58100322892 /* LaunchScreen.storyboard */; };
		8E12AB9B2303B58100322892 /* main.m in Sources */ = {isa = PBXBuildFile; fileRef = 8E12AB9A2303B58100322892 /* main.m */; };
		8E12ABA52303B58100322892 /* GXKVOTests.m in Sources */ = {isa = PBXBuildFile; fileRef = 8E12ABA42303B58100322892 /* GXKVOTests.m */; };
		8E12ABBD2303DF2C00322892 /* GXKVOSignal.m in Sources */ = {isa = PBXBuildFile; fileRef = 8E12ABB82303DF2C00322892 /* GXKVOSignal.m */; };
		8E12ABC12303DF5300322892 /* GXKVOTestVC.m in Sources */ = {isa = PBXBuildFile; fileRef = 8E12ABC02303DF5300322892 /* GXKVOTestVC.m */; };
		8E12ABC42303DF8600322892 /* GXKVOTestModel.m in Sources */ = {isa = PBXBuildFile; fileRef = 8E12ABC32303DF8600322892 /* GXKVOTestModel.m */; };
		8E12ABCB230417F200322892 /* GXKVOTestModelShare.m in Sources */ = {isa = PBXBuildFile; fileRef = 8E12ABCA230417F200322892 /* GXKVOTestModelShare.m */; };
		8E12ABD2230422DB00322892 /* NSObject+FBKVOController.m in Sources */ = {isa = PBXBuildFile; fileRef = 8E12ABCF230422DB00322892 /* NSObject+FBKVOController.m */; };
		8E12ABD3230422DB00322892 /* FBKVOController.m in Sources */ = {isa = PBXBuildFile; fileRef = 8E12ABD0230422DB00322892 /* FBKVOController.m */; };
		8E12ABD72304230700322892 /* GXKVOTestControllerVC.m in Sources */ = {isa = PBXBuildFile; fileRef = 8E12ABD62304230700322892 /* GXKVOTestControllerVC.m */; };
/* End PBXBuildFile section */

/* Begin PBXContainerItemProxy section */
		8E12ABA12303B58100322892 /* PBXContainerItemProxy */ = {
			isa = PBXContainerItemProxy;
			containerPortal = 8E12AB802303B58000322892 /* Project object */;
			proxyType = 1;
			remoteGlobalIDString = 8E12AB872303B58000322892;
			remoteInfo = GXKVO;
		};
/* End PBXContainerItemProxy section */

/* Begin PBXFileReference section */
		8E12AB882303B58000322892 /* GXKVO.app */ = {isa = PBXFileReference; explicitFileType = wrapper.application; includeInIndex = 0; path = GXKVO.app; sourceTree = BUILT_PRODUCTS_DIR; };
		8E12AB8B2303B58000322892 /* AppDelegate.h */ = {isa = PBXFileReference; lastKnownFileType = sourcecode.c.h; path = AppDelegate.h; sourceTree = "<group>"; };
		8E12AB8C2303B58000322892 /* AppDelegate.m */ = {isa = PBXFileReference; lastKnownFileType = sourcecode.c.objc; path = AppDelegate.m; sourceTree = "<group>"; };
		8E12AB922303B58000322892 /* Base */ = {isa = PBXFileReference; lastKnownFileType = file.storyboard; name = Base; path = Base.lproj/Main.storyboard; sourceTree = "<group>"; };
		8E12AB942303B58100322892 /* Assets.xcassets */ = {isa = PBXFileReference; lastKnownFileType = folder.assetcatalog; path = Assets.xcassets; sourceTree = "<group>"; };
		8E12AB972303B58100322892 /* Base */ = {isa = PBXFileReference; lastKnownFileType = file.storyboard; name = Base; path = Base.lproj/LaunchScreen.storyboard; sourceTree = "<group>"; };
		8E12AB992303B58100322892 /* Info.plist */ = {isa = PBXFileReference; lastKnownFileType = text.plist.xml; path = Info.plist; sourceTree = "<group>"; };
		8E12AB9A2303B58100322892 /* main.m */ = {isa = PBXFileReference; lastKnownFileType = sourcecode.c.objc; path = main.m; sourceTree = "<group>"; };
		8E12ABA02303B58100322892 /* GXKVOTests.xctest */ = {isa = PBXFileReference; explicitFileType = wrapper.cfbundle; includeInIndex = 0; path = GXKVOTests.xctest; sourceTree = BUILT_PRODUCTS_DIR; };
		8E12ABA42303B58100322892 /* GXKVOTests.m */ = {isa = PBXFileReference; lastKnownFileType = sourcecode.c.objc; path = GXKVOTests.m; sourceTree = "<group>"; };
		8E12ABA62303B58100322892 /* Info.plist */ = {isa = PBXFileReference; lastKnownFileType = text.plist.xml; path = Info.plist; sourceTree = "<group>"; };
		8E12ABB82303DF2C00322892 /* GXKVOSignal.m */ = {isa = PBXFileReference; fileEncoding = 4; lastKnownFileType = sourcecode.c.objc; path = GXKVOSignal.m; sourceTree = "<group>"; };
		8E12ABBA2303DF2C00322892 /* GXKVOMacro.h */ = {isa = PBXFileReference; fileEncoding = 4; lastKnownFileType = sourcecode.c.h; path = GXKVOMacro.h; sourceTree = "<group>"; };
		8E12ABBB2303DF2C00322892 /* GXKVOSignal.h */ = {isa = PBXFileReference; fileEncoding = 4; lastKnownFileType = sourcecode.c.h; path = GXKVOSignal.h; sourceTree = "<group>"; };
		8E12ABBF2303DF5300322892 /* GXKVOTestVC.h */ = {isa = PBXFileReference; lastKnownFileType = sourcecode.c.h; path = GXKVOTestVC.h; sourceTree = "<group>"; };
		8E12ABC02303DF5300322892 /* GXKVOTestVC.m */ = {isa = PBXFileReference; lastKnownFileType = sourcecode.c.objc; path = GXKVOTestVC.m; sourceTree = "<group>"; };
		8E12ABC22303DF8600322892 /* GXKVOTestModel.h */ = {isa = PBXFileReference; lastKnownFileType = sourcecode.c.h; path = GXKVOTestModel.h; sourceTree = "<group>"; };
		8E12ABC32303DF8600322892 /* GXKVOTestModel.m */ = {isa = PBXFileReference; lastKnownFileType = sourcecode.c.objc; path = GXKVOTestModel.m; sourceTree = "<group>"; };
		8E12ABC9230417F200322892 /* GXKVOTestModelShare.h */ = {isa = PBXFileReference; lastKnownFileType = sourcecode.c.h; path = GXKVOTestModelShare.h; sourceTree = "<group>"; };
		8E12ABCA230417F200322892 /* GXKVOTestModelShare.m */ = {isa = PBXFileReference; lastKnownFileType = sourcecode.c.objc; path = GXKVOTestModelShare.m; sourceTree = "<group>"; };
		8E12ABCD230422DB00322892 /* KVOController.h */ = {isa = PBXFileReference; fileEncoding = 4; lastKnownFileType = sourcecode.c.h; path = KVOController.h; sourceTree = "<group>"; };
		8E12ABCE230422DB00322892 /* FBKVOController.h */ = {isa = PBXFileReference; fileEncoding = 4; lastKnownFileType = sourcecode.c.h; path = FBKVOController.h; sourceTree = "<group>"; };
		8E12ABCF230422DB00322892 /* NSObject+FBKVOController.m */ = {isa = PBXFileReference; fileEncoding = 4; lastKnownFileType = sourcecode.c.objc; path = "NSObject+FBKVOController.m"; sourceTree = "<group>"; };
		8E12ABD0230422DB00322892 /* FBKVOController.m */ = {isa = PBXFileReference; fileEncoding = 4; lastKnownFileType = sourcecode.c.objc; path = FBKVOController.m; sourceTree = "<group>"; };
		8E12ABD1230422DB00322892 /* NSObject+FBKVOController.h */ = {isa = PBXFileReference; fileEncoding = 4; lastKnownFileType = sourcecode.c.h; path = "NSObject+FBKVOController.h"; sourceTree = "<group>"; };
		8E12ABD52304230700322892 /* GXKVOTestControllerVC.h */ = {isa = PBXFileReference; lastKnownFileType = sourcecode.c.h; path = GXKVOTestControllerVC.h; sourceTree = "<group>"; };
		8E12ABD62304230700322892 /* GXKVOTestControllerVC.m */ = {isa = PBXFileReference; lastKnownFileType = sourcecode.c.objc; path = GXKVOTestControllerVC.m; sourceTree = "<group>"; };
/* End PBXFileReference section */

/* Begin PBXFrameworksBuildPhase section */
		8E12AB852303B58000322892 /* Frameworks */ = {
			isa = PBXFrameworksBuildPhase;
			buildActionMask = 2147483647;
			files = (
			);
			runOnlyForDeploymentPostprocessing = 0;
		};
		8E12AB9D2303B58100322892 /* Frameworks */ = {
			isa = PBXFrameworksBuildPhase;
			buildActionMask = 2147483647;
			files = (
			);
			runOnlyForDeploymentPostprocessing = 0;
		};
/* End PBXFrameworksBuildPhase section */

/* Begin PBXGroup section */
		8E12AB7F2303B58000322892 = {
			isa = PBXGroup;
			children = (
				8E12AB8A2303B58000322892 /* GXKVO */,
				8E12ABA32303B58100322892 /* GXKVOTests */,
				8E12AB892303B58000322892 /* Products */,
			);
			sourceTree = "<group>";
		};
		8E12AB892303B58000322892 /* Products */ = {
			isa = PBXGroup;
			children = (
				8E12AB882303B58000322892 /* GXKVO.app */,
				8E12ABA02303B58100322892 /* GXKVOTests.xctest */,
			);
			name = Products;
			sourceTree = "<group>";
		};
		8E12AB8A2303B58000322892 /* GXKVO */ = {
			isa = PBXGroup;
			children = (
				8E12AB8B2303B58000322892 /* AppDelegate.h */,
				8E12AB8C2303B58000322892 /* AppDelegate.m */,
				8E12ABCC230422DB00322892 /* kvocontroller */,
				8E12ABD4230422F000322892 /* kvocontrollerTest */,
				8E12ABB62303DF2C00322892 /* kvo */,
				8E12ABBC2303DF2C00322892 /* test */,
				8E12AB912303B58000322892 /* Main.storyboard */,
				8E12AB942303B58100322892 /* Assets.xcassets */,
				8E12AB962303B58100322892 /* LaunchScreen.storyboard */,
				8E12AB992303B58100322892 /* Info.plist */,
				8E12AB9A2303B58100322892 /* main.m */,
			);
			path = GXKVO;
			sourceTree = "<group>";
		};
		8E12ABA32303B58100322892 /* GXKVOTests */ = {
			isa = PBXGroup;
			children = (
				8E12ABA42303B58100322892 /* GXKVOTests.m */,
				8E12ABA62303B58100322892 /* Info.plist */,
			);
			path = GXKVOTests;
			sourceTree = "<group>";
		};
		8E12ABB62303DF2C00322892 /* kvo */ = {
			isa = PBXGroup;
			children = (
				8E12ABBA2303DF2C00322892 /* GXKVOMacro.h */,
				8E12ABBB2303DF2C00322892 /* GXKVOSignal.h */,
				8E12ABB82303DF2C00322892 /* GXKVOSignal.m */,
			);
			path = kvo;
			sourceTree = "<group>";
		};
		8E12ABBC2303DF2C00322892 /* test */ = {
			isa = PBXGroup;
			children = (
				8E12ABBF2303DF5300322892 /* GXKVOTestVC.h */,
				8E12ABC02303DF5300322892 /* GXKVOTestVC.m */,
				8E12ABC22303DF8600322892 /* GXKVOTestModel.h */,
				8E12ABC32303DF8600322892 /* GXKVOTestModel.m */,
				8E12ABC9230417F200322892 /* GXKVOTestModelShare.h */,
				8E12ABCA230417F200322892 /* GXKVOTestModelShare.m */,
			);
			path = test;
			sourceTree = "<group>";
		};
		8E12ABCC230422DB00322892 /* kvocontroller */ = {
			isa = PBXGroup;
			children = (
				8E12ABCD230422DB00322892 /* KVOController.h */,
				8E12ABCE230422DB00322892 /* FBKVOController.h */,
				8E12ABD0230422DB00322892 /* FBKVOController.m */,
				8E12ABD1230422DB00322892 /* NSObject+FBKVOController.h */,
				8E12ABCF230422DB00322892 /* NSObject+FBKVOController.m */,
			);
			path = kvocontroller;
			sourceTree = "<group>";
		};
		8E12ABD4230422F000322892 /* kvocontrollerTest */ = {
			isa = PBXGroup;
			children = (
				8E12ABD52304230700322892 /* GXKVOTestControllerVC.h */,
				8E12ABD62304230700322892 /* GXKVOTestControllerVC.m */,
			);
			path = kvocontrollerTest;
			sourceTree = "<group>";
		};
/* End PBXGroup section */

/* Begin PBXNativeTarget section */
		8E12AB872303B58000322892 /* GXKVO */ = {
			isa = PBXNativeTarget;
			buildConfigurationList = 8E12ABA92303B58100322892 /* Build configuration list for PBXNativeTarget "GXKVO" */;
			buildPhases = (
				8E12AB842303B58000322892 /* Sources */,
				8E12AB852303B58000322892 /* Frameworks */,
				8E12AB862303B58000322892 /* Resources */,
			);
			buildRules = (
			);
			dependencies = (
			);
			name = GXKVO;
			productName = GXKVO;
			productReference = 8E12AB882303B58000322892 /* GXKVO.app */;
			productType = "com.apple.product-type.application";
		};
		8E12AB9F2303B58100322892 /* GXKVOTests */ = {
			isa = PBXNativeTarget;
			buildConfigurationList = 8E12ABAC2303B58100322892 /* Build configuration list for PBXNativeTarget "GXKVOTests" */;
			buildPhases = (
				8E12AB9C2303B58100322892 /* Sources */,
				8E12AB9D2303B58100322892 /* Frameworks */,
				8E12AB9E2303B58100322892 /* Resources */,
			);
			buildRules = (
			);
			dependencies = (
				8E12ABA22303B58100322892 /* PBXTargetDependency */,
			);
			name = GXKVOTests;
			productName = GXKVOTests;
			productReference = 8E12ABA02303B58100322892 /* GXKVOTests.xctest */;
			productType = "com.apple.product-type.bundle.unit-test";
		};
/* End PBXNativeTarget section */

/* Begin PBXProject section */
		8E12AB802303B58000322892 /* Project object */ = {
			isa = PBXProject;
			attributes = {
				LastUpgradeCheck = 1020;
				ORGANIZATIONNAME = sgx;
				TargetAttributes = {
					8E12AB872303B58000322892 = {
						CreatedOnToolsVersion = 10.2.1;
					};
					8E12AB9F2303B58100322892 = {
						CreatedOnToolsVersion = 10.2.1;
						TestTargetID = 8E12AB872303B58000322892;
					};
				};
			};
			buildConfigurationList = 8E12AB832303B58000322892 /* Build configuration list for PBXProject "GXKVO" */;
			compatibilityVersion = "Xcode 9.3";
			developmentRegion = en;
			hasScannedForEncodings = 0;
			knownRegions = (
				en,
				Base,
			);
			mainGroup = 8E12AB7F2303B58000322892;
			productRefGroup = 8E12AB892303B58000322892 /* Products */;
			projectDirPath = "";
			projectRoot = "";
			targets = (
				8E12AB872303B58000322892 /* GXKVO */,
				8E12AB9F2303B58100322892 /* GXKVOTests */,
			);
		};
/* End PBXProject section */

/* Begin PBXResourcesBuildPhase section */
		8E12AB862303B58000322892 /* Resources */ = {
			isa = PBXResourcesBuildPhase;
			buildActionMask = 2147483647;
			files = (
				8E12AB982303B58100322892 /* LaunchScreen.storyboard in Resources */,
				8E12AB952303B58100322892 /* Assets.xcassets in Resources */,
				8E12AB932303B58000322892 /* Main.storyboard in Resources */,
			);
			runOnlyForDeploymentPostprocessing = 0;
		};
		8E12AB9E2303B58100322892 /* Resources */ = {
			isa = PBXResourcesBuildPhase;
			buildActionMask = 2147483647;
			files = (
			);
			runOnlyForDeploymentPostprocessing = 0;
		};
/* End PBXResourcesBuildPhase section */

/* Begin PBXSourcesBuildPhase section */
		8E12AB842303B58000322892 /* Sources */ = {
			isa = PBXSourcesBuildPhase;
			buildActionMask = 2147483647;
			files = (
				8E12ABCB230417F200322892 /* GXKVOTestModelShare.m in Sources */,
				8E12ABD72304230700322892 /* GXKVOTestControllerVC.m in Sources */,
				8E12ABBD2303DF2C00322892 /* GXKVOSignal.m in Sources */,
				8E12AB9B2303B58100322892 /* main.m in Sources */,
				8E12ABD3230422DB00322892 /* FBKVOController.m in Sources */,
				8E12ABD2230422DB00322892 /* NSObject+FBKVOController.m in Sources */,
				8E12ABC42303DF8600322892 /* GXKVOTestModel.m in Sources */,
				8E12ABC12303DF5300322892 /* GXKVOTestVC.m in Sources */,
				8E12AB8D2303B58000322892 /* AppDelegate.m in Sources */,
			);
			runOnlyForDeploymentPostprocessing = 0;
		};
		8E12AB9C2303B58100322892 /* Sources */ = {
			isa = PBXSourcesBuildPhase;
			buildActionMask = 2147483647;
			files = (
				8E12ABA52303B58100322892 /* GXKVOTests.m in Sources */,
			);
			runOnlyForDeploymentPostprocessing = 0;
		};
/* End PBXSourcesBuildPhase section */

/* Begin PBXTargetDependency section */
		8E12ABA22303B58100322892 /* PBXTargetDependency */ = {
			isa = PBXTargetDependency;
			target = 8E12AB872303B58000322892 /* GXKVO */;
			targetProxy = 8E12ABA12303B58100322892 /* PBXContainerItemProxy */;
		};
/* End PBXTargetDependency section */

/* Begin PBXVariantGroup section */
		8E12AB912303B58000322892 /* Main.storyboard */ = {
			isa = PBXVariantGroup;
			children = (
				8E12AB922303B58000322892 /* Base */,
			);
			name = Main.storyboard;
			sourceTree = "<group>";
		};
		8E12AB962303B58100322892 /* LaunchScreen.storyboard */ = {
			isa = PBXVariantGroup;
			children = (
				8E12AB972303B58100322892 /* Base */,
			);
			name = LaunchScreen.storyboard;
			sourceTree = "<group>";
		};
/* End PBXVariantGroup section */

/* Begin XCBuildConfiguration section */
		8E12ABA72303B58100322892 /* Debug */ = {
			isa = XCBuildConfiguration;
			buildSettings = {
				ALWAYS_SEARCH_USER_PATHS = NO;
				CLANG_ANALYZER_NONNULL = YES;
				CLANG_ANALYZER_NUMBER_OBJECT_CONVERSION = YES_AGGRESSIVE;
				CLANG_CXX_LANGUAGE_STANDARD = "gnu++14";
				CLANG_CXX_LIBRARY = "libc++";
				CLANG_ENABLE_MODULES = YES;
				CLANG_ENABLE_OBJC_ARC = YES;
				CLANG_ENABLE_OBJC_WEAK = YES;
				CLANG_WARN_BLOCK_CAPTURE_AUTORELEASING = YES;
				CLANG_WARN_BOOL_CONVERSION = YES;
				CLANG_WARN_COMMA = YES;
				CLANG_WARN_CONSTANT_CONVERSION = YES;
				CLANG_WARN_DEPRECATED_OBJC_IMPLEMENTATIONS = YES;
				CLANG_WARN_DIRECT_OBJC_ISA_USAGE = YES_ERROR;
				CLANG_WARN_DOCUMENTATION_COMMENTS = YES;
				CLANG_WARN_EMPTY_BODY = YES;
				CLANG_WARN_ENUM_CONVERSION = YES;
				CLANG_WARN_INFINITE_RECURSION = YES;
				CLANG_WARN_INT_CONVERSION = YES;
				CLANG_WARN_NON_LITERAL_NULL_CONVERSION = YES;
				CLANG_WARN_OBJC_IMPLICIT_RETAIN_SELF = YES;
				CLANG_WARN_OBJC_LITERAL_CONVERSION = YES;
				CLANG_WARN_OBJC_ROOT_CLASS = YES_ERROR;
				CLANG_WARN_RANGE_LOOP_ANALYSIS = YES;
				CLANG_WARN_STRICT_PROTOTYPES = YES;
				CLANG_WARN_SUSPICIOUS_MOVE = YES;
				CLANG_WARN_UNGUARDED_AVAILABILITY = YES_AGGRESSIVE;
				CLANG_WARN_UNREACHABLE_CODE = YES;
				CLANG_WARN__DUPLICATE_METHOD_MATCH = YES;
				CODE_SIGN_IDENTITY = "iPhone Developer";
				COPY_PHASE_STRIP = NO;
				DEBUG_INFORMATION_FORMAT = dwarf;
				ENABLE_STRICT_OBJC_MSGSEND = YES;
				ENABLE_TESTABILITY = YES;
				GCC_C_LANGUAGE_STANDARD = gnu11;
				GCC_DYNAMIC_NO_PIC = NO;
				GCC_NO_COMMON_BLOCKS = YES;
				GCC_OPTIMIZATION_LEVEL = 0;
				GCC_PREPROCESSOR_DEFINITIONS = (
					"DEBUG=1",
					"$(inherited)",
				);
				GCC_WARN_64_TO_32_BIT_CONVERSION = YES;
				GCC_WARN_ABOUT_RETURN_TYPE = YES_ERROR;
				GCC_WARN_UNDECLARED_SELECTOR = YES;
				GCC_WARN_UNINITIALIZED_AUTOS = YES_AGGRESSIVE;
				GCC_WARN_UNUSED_FUNCTION = YES;
				GCC_WARN_UNUSED_VARIABLE = YES;
				IPHONEOS_DEPLOYMENT_TARGET = 12.2;
				MTL_ENABLE_DEBUG_INFO = INCLUDE_SOURCE;
				MTL_FAST_MATH = YES;
				ONLY_ACTIVE_ARCH = YES;
				SDKROOT = iphoneos;
			};
			name = Debug;
		};
		8E12ABA82303B58100322892 /* Release */ = {
			isa = XCBuildConfiguration;
			buildSettings = {
				ALWAYS_SEARCH_USER_PATHS = NO;
				CLANG_ANALYZER_NONNULL = YES;
				CLANG_ANALYZER_NUMBER_OBJECT_CONVERSION = YES_AGGRESSIVE;
				CLANG_CXX_LANGUAGE_STANDARD = "gnu++14";
				CLANG_CXX_LIBRARY = "libc++";
				CLANG_ENABLE_MODULES = YES;
				CLANG_ENABLE_OBJC_ARC = YES;
				CLANG_ENABLE_OBJC_WEAK = YES;
				CLANG_WARN_BLOCK_CAPTURE_AUTORELEASING = YES;
				CLANG_WARN_BOOL_CONVERSION = YES;
				CLANG_WARN_COMMA = YES;
				CLANG_WARN_CONSTANT_CONVERSION = YES;
				CLANG_WARN_DEPRECATED_OBJC_IMPLEMENTATIONS = YES;
				CLANG_WARN_DIRECT_OBJC_ISA_USAGE = YES_ERROR;
				CLANG_WARN_DOCUMENTATION_COMMENTS = YES;
				CLANG_WARN_EMPTY_BODY = YES;
				CLANG_WARN_ENUM_CONVERSION = YES;
				CLANG_WARN_INFINITE_RECURSION = YES;
				CLANG_WARN_INT_CONVERSION = YES;
				CLANG_WARN_NON_LITERAL_NULL_CONVERSION = YES;
				CLANG_WARN_OBJC_IMPLICIT_RETAIN_SELF = YES;
				CLANG_WARN_OBJC_LITERAL_CONVERSION = YES;
				CLANG_WARN_OBJC_ROOT_CLASS = YES_ERROR;
				CLANG_WARN_RANGE_LOOP_ANALYSIS = YES;
				CLANG_WARN_STRICT_PROTOTYPES = YES;
				CLANG_WARN_SUSPICIOUS_MOVE = YES;
				CLANG_WARN_UNGUARDED_AVAILABILITY = YES_AGGRESSIVE;
				CLANG_WARN_UNREACHABLE_CODE = YES;
				CLANG_WARN__DUPLICATE_METHOD_MATCH = YES;
				CODE_SIGN_IDENTITY = "iPhone Developer";
				COPY_PHASE_STRIP = NO;
				DEBUG_INFORMATION_FORMAT = "dwarf-with-dsym";
				ENABLE_NS_ASSERTIONS = NO;
				ENABLE_STRICT_OBJC_MSGSEND = YES;
				GCC_C_LANGUAGE_STANDARD = gnu11;
				GCC_NO_COMMON_BLOCKS = YES;
				GCC_WARN_64_TO_32_BIT_CONVERSION = YES;
				GCC_WARN_ABOUT_RETURN_TYPE = YES_ERROR;
				GCC_WARN_UNDECLARED_SELECTOR = YES;
				GCC_WARN_UNINITIALIZED_AUTOS = YES_AGGRESSIVE;
				GCC_WARN_UNUSED_FUNCTION = YES;
				GCC_WARN_UNUSED_VARIABLE = YES;
				IPHONEOS_DEPLOYMENT_TARGET = 12.2;
				MTL_ENABLE_DEBUG_INFO = NO;
				MTL_FAST_MATH = YES;
				SDKROOT = iphoneos;
				VALIDATE_PRODUCT = YES;
			};
			name = Release;
		};
		8E12ABAA2303B58100322892 /* Debug */ = {
			isa = XCBuildConfiguration;
			buildSettings = {
				ASSETCATALOG_COMPILER_APPICON_NAME = AppIcon;
				CODE_SIGN_STYLE = Automatic;
				DEVELOPMENT_TEAM = T3R82QQDQ5;
				INFOPLIST_FILE = GXKVO/Info.plist;
				LD_RUNPATH_SEARCH_PATHS = (
					"$(inherited)",
					"@executable_path/Frameworks",
				);
				PRODUCT_BUNDLE_IDENTIFIER = sgx.GXKVO;
				PRODUCT_NAME = "$(TARGET_NAME)";
				TARGETED_DEVICE_FAMILY = "1,2";
			};
			name = Debug;
		};
		8E12ABAB2303B58100322892 /* Release */ = {
			isa = XCBuildConfiguration;
			buildSettings = {
				ASSETCATALOG_COMPILER_APPICON_NAME = AppIcon;
				CODE_SIGN_STYLE = Automatic;
				DEVELOPMENT_TEAM = T3R82QQDQ5;
				INFOPLIST_FILE = GXKVO/Info.plist;
				LD_RUNPATH_SEARCH_PATHS = (
					"$(inherited)",
					"@executable_path/Frameworks",
				);
				PRODUCT_BUNDLE_IDENTIFIER = sgx.GXKVO;
				PRODUCT_NAME = "$(TARGET_NAME)";
				TARGETED_DEVICE_FAMILY = "1,2";
			};
			name = Release;
		};
		8E12ABAD2303B58100322892 /* Debug */ = {
			isa = XCBuildConfiguration;
			buildSettings = {
				BUNDLE_LOADER = "$(TEST_HOST)";
				CODE_SIGN_STYLE = Automatic;
				INFOPLIST_FILE = GXKVOTests/Info.plist;
				LD_RUNPATH_SEARCH_PATHS = (
					"$(inherited)",
					"@executable_path/Frameworks",
					"@loader_path/Frameworks",
				);
				PRODUCT_BUNDLE_IDENTIFIER = sgx.GXKVOTests;
				PRODUCT_NAME = "$(TARGET_NAME)";
				TARGETED_DEVICE_FAMILY = "1,2";
				TEST_HOST = "$(BUILT_PRODUCTS_DIR)/GXKVO.app/GXKVO";
			};
			name = Debug;
		};
		8E12ABAE2303B58100322892 /* Release */ = {
			isa = XCBuildConfiguration;
			buildSettings = {
				BUNDLE_LOADER = "$(TEST_HOST)";
				CODE_SIGN_STYLE = Automatic;
				INFOPLIST_FILE = GXKVOTests/Info.plist;
				LD_RUNPATH_SEARCH_PATHS = (
					"$(inherited)",
					"@executable_path/Frameworks",
					"@loader_path/Frameworks",
				);
				PRODUCT_BUNDLE_IDENTIFIER = sgx.GXKVOTests;
				PRODUCT_NAME = "$(TARGET_NAME)";
				TARGETED_DEVICE_FAMILY = "1,2";
				TEST_HOST = "$(BUILT_PRODUCTS_DIR)/GXKVO.app/GXKVO";
			};
			name = Release;
		};
/* End XCBuildConfiguration section */

/* Begin XCConfigurationList section */
		8E12AB832303B58000322892 /* Build configuration list for PBXProject "GXKVO" */ = {
			isa = XCConfigurationList;
			buildConfigurations = (
				8E12ABA72303B58100322892 /* Debug */,
				8E12ABA82303B58100322892 /* Release */,
			);
			defaultConfigurationIsVisible = 0;
			defaultConfigurationName = Release;
		};
		8E12ABA92303B58100322892 /* Build configuration list for PBXNativeTarget "GXKVO" */ = {
			isa = XCConfigurationList;
			buildConfigurations = (
				8E12ABAA2303B58100322892 /* Debug */,
				8E12ABAB2303B58100322892 /* Release */,
			);
			defaultConfigurationIsVisible = 0;
			defaultConfigurationName = Release;
		};
		8E12ABAC2303B58100322892 /* Build configuration list for PBXNativeTarget "GXKVOTests" */ = {
			isa = XCConfigurationList;
			buildConfigurations = (
				8E12ABAD2303B58100322892 /* Debug */,
				8E12ABAE2303B58100322892 /* Release */,
			);
			defaultConfigurationIsVisible = 0;
			defaultConfigurationName = Release;
		};
/* End XCConfigurationList section */
	};
	rootObject = 8E12AB802303B58000322892 /* Project object */;
}
